
Microsoft Visual Studio Solution File, Format Version 12.00
# Visual Studio Version 16
VisualStudioVersion = 16.0.809.9
MinimumVisualStudioVersion = 10.0.40219.1
Project("{FAE04EC0-301F-11D3-BF4B-00C04F79EFBC}") = "MeditationMod", "MeditationMod\MeditationMod.csproj", "{A59B6C6C-3AAA-4273-9218-AABFDDA29F75}"
EndProject
Global
	GlobalSection(SolutionConfigurationPlatforms) = preSolution
		Debug|Any CPU = Debug|Any CPU
		Release|Any CPU = Release|Any CPU
	EndGlobalSection
	GlobalSection(ProjectConfigurationPlatforms) = postSolution
		{A59B6C6C-3AAA-4273-9218-AABFDDA29F75}.Debug|Any CPU.ActiveCfg = Debug|Any CPU
		{A59B6C6C-3AAA-4273-9218-AABFDDA29F75}.Debug|Any CPU.Build.0 = Debug|Any CPU
		{A59B6C6C-3AAA-4273-9218-AABFDDA29F75}.Release|Any CPU.ActiveCfg = Release|Any CPU
		{A59B6C6C-3AAA-4273-9218-AABFDDA29F75}.Release|Any CPU.Build.0 = Release|Any CPU
	EndGlobalSection
	GlobalSection(SolutionProperties) = preSolution
		HideSolutionNode = FALSE
	EndGlobalSection
	GlobalSection(ExtensibilityGlobals) = postSolution
		SolutionGuid = {CF894262-A9EE-40AC-B191-EDFF733AB4C4}
	EndGlobalSection
EndGlobal
